{
  "requires": true,
  "lockfileVersion": 1,
  "dependencies": {
    "@chakra-ui/icon": {
      "version": "3.0.10",
      "resolved": "https://registry.npmjs.org/@chakra-ui/icon/-/icon-3.0.10.tgz",
      "integrity": "sha512-utO569d9bptEraJrEhuImfNzQ8v+a8PsQh8kTsodCzg8B16R3t5TTuoqeJqS6Nq16Vq6w87QbX3/4A73CNK5fw==",
      "requires": {
        "@chakra-ui/shared-utils": "2.0.1"
      }
    },
    "@chakra-ui/icons": {
      "version": "2.0.10",
      "resolved": "https://registry.npmjs.org/@chakra-ui/icons/-/icons-2.0.10.tgz",
      "integrity": "sha512-hxMspvysOay2NsJyadM611F/Y4vVzJU/YkXTxsyBjm6v/DbENhpVmPnUf+kwwyl7dINNb9iOF+kuGxnuIEO1Tw==",
      "requires": {
        "@chakra-ui/icon": "3.0.10"
      }
    },
    "@chakra-ui/shared-utils": {
      "version": "2.0.1",
      "resolved": "https://registry.npmjs.org/@chakra-ui/shared-utils/-/shared-utils-2.0.1.tgz",
      "integrity": "sha512-NXDBl/u4wrSNp0ON5R3r3evkRurrAz2yuO7neooaG+O5HEenVouGqm4CsXd6lUAPmjwiGzA0LQFNCt0Hj92dXg=="
    },
    "prettier": {
      "version": "2.7.1",
      "resolved": "https://registry.npmjs.org/prettier/-/prettier-2.7.1.tgz",
      "integrity": "sha512-ujppO+MkdPqoVINuDFDRLClm7D78qbDt0/NR+wp5FqEZOoTNAjPHWj17QRhu7geIHJfcNhRk1XVQmF8Bp3ye+g==",
      "dev": true
    }
  }
}
